// !$*UTF8*$!
{
	archiveVersion = 1;
	classes = {
	};
	objectVersion = 46;
	objects = {

/* Begin PBXBuildFile section */
		2C060DD21DD0B7C000EB1AB1 /* AppDelegate.swift in Sources */ = {isa = PBXBuildFile; fileRef = 2C060DD11DD0B7C000EB1AB1 /* AppDelegate.swift */; };
		2C060DD41DD0B7C000EB1AB1 /* ViewController.swift in Sources */ = {isa = PBXBuildFile; fileRef = 2C060DD31DD0B7C000EB1AB1 /* ViewController.swift */; };
		2C060DD71DD0B7C000EB1AB1 /* Main.storyboard in Resources */ = {isa = PBXBuildFile; fileRef = 2C060DD51DD0B7C000EB1AB1 /* Main.storyboard */; };
		2C060DD91DD0B7C000EB1AB1 /* Assets.xcassets in Resources */ = {isa = PBXBuildFile; fileRef = 2C060DD81DD0B7C000EB1AB1 /* Assets.xcassets */; };
		2C060DDC1DD0B7C000EB1AB1 /* LaunchScreen.storyboard in Resources */ = {isa = PBXBuildFile; fileRef = 2C060DDA1DD0B7C000EB1AB1 /* LaunchScreen.storyboard */; };
		2C060DE71DD0B7C000EB1AB1 /* PitchPerfectTests.swift in Sources */ = {isa = PBXBuildFile; fileRef = 2C060DE61DD0B7C000EB1AB1 /* PitchPerfectTests.swift */; };
		2C060DF21DD0B7C000EB1AB1 /* PitchPerfectUITests.swift in Sources */ = {isa = PBXBuildFile; fileRef = 2C060DF11DD0B7C000EB1AB1 /* PitchPerfectUITests.swift */; };
/* End PBXBuildFile section */

/* Begin PBXContainerItemProxy section */
		2C060DE31DD0B7C000EB1AB1 /* PBXContainerItemProxy */ = {
			isa = PBXContainerItemProxy;
			containerPortal = 2C060DC61DD0B7BF00EB1AB1 /* Project object */;
			proxyType = 1;
			remoteGlobalIDString = 2C060DCD1DD0B7BF00EB1AB1;
			remoteInfo = PitchPerfect;
		};
		2C060DEE1DD0B7C000EB1AB1 /* PBXContainerItemProxy */ = {
			isa = PBXContainerItemProxy;
			containerPortal = 2C060DC61DD0B7BF00EB1AB1 /* Project object */;
			proxyType = 1;
			remoteGlobalIDString = 2C060DCD1DD0B7BF00EB1AB1;
			remoteInfo = PitchPerfect;
		};
/* End PBXContainerItemProxy section */

/* Begin PBXFileReference section */
		2C060DCE1DD0B7C000EB1AB1 /* PitchPerfect.app */ = {isa = PBXFileReference; explicitFileType = wrapper.application; includeInIndex = 0; path = PitchPerfect.app; sourceTree = BUILT_PRODUCTS_DIR; };
		2C060DD11DD0B7C000EB1AB1 /* AppDelegate.swift */ = {isa = PBXFileReference; lastKnownFileType = sourcecode.swift; path = AppDelegate.swift; sourceTree = "<group>"; };
		2C060DD31DD0B7C000EB1AB1 /* ViewController.swift */ = {isa = PBXFileReference; lastKnownFileType = sourcecode.swift; path = ViewController.swift; sourceTree = "<group>"; };
		2C060DD61DD0B7C000EB1AB1 /* Base */ = {isa = PBXFileReference; lastKnownFileType = file.storyboard; name = Base; path = Base.lproj/Main.storyboard; sourceTree = "<group>"; };
		2C060DD81DD0B7C000EB1AB1 /* Assets.xcassets */ = {isa = PBXFileReference; lastKnownFileType = folder.assetcatalog; path = Assets.xcassets; sourceTree = "<group>"; };
		2C060DDB1DD0B7C000EB1AB1 /* Base */ = {isa = PBXFileReference; lastKnownFileType = file.storyboard; name = Base; path = Base.lproj/LaunchScreen.storyboard; sourceTree = "<group>"; };
		2C060DDD1DD0B7C000EB1AB1 /* Info.plist */ = {isa = PBXFileReference; lastKnownFileType = text.plist.xml; path = Info.plist; sourceTree = "<group>"; };
		2C060DE21DD0B7C000EB1AB1 /* PitchPerfectTests.xctest */ = {isa = PBXFileReference; explicitFileType = wrapper.cfbundle; includeInIndex = 0; path = PitchPerfectTests.xctest; sourceTree = BUILT_PRODUCTS_DIR; };
		2C060DE61DD0B7C000EB1AB1 /* PitchPerfectTests.swift */ = {isa = PBXFileReference; lastKnownFileType = sourcecode.swift; path = PitchPerfectTests.swift; sourceTree = "<group>"; };
		2C060DE81DD0B7C000EB1AB1 /* Info.plist */ = {isa = PBXFileReference; lastKnownFileType = text.plist.xml; path = Info.plist; sourceTree = "<group>"; };
		2C060DED1DD0B7C000EB1AB1 /* PitchPerfectUITests.xctest */ = {isa = PBXFileReference; explicitFileType = wrapper.cfbundle; includeInIndex = 0; path = PitchPerfectUITests.xctest; sourceTree = BUILT_PRODUCTS_DIR; };
		2C060DF11DD0B7C000EB1AB1 /* PitchPerfectUITests.swift */ = {isa = PBXFileReference; lastKnownFileType = sourcecode.swift; path = PitchPerfectUITests.swift; sourceTree = "<group>"; };
		2C060DF31DD0B7C000EB1AB1 /* Info.plist */ = {isa = PBXFileReference; lastKnownFileType = text.plist.xml; path = Info.plist; sourceTree = "<group>"; };
/* End PBXFileReference section */

/* Begin PBXFrameworksBuildPhase section */
		2C060DCB1DD0B7BF00EB1AB1 /* Frameworks */ = {
			isa = PBXFrameworksBuildPhase;
			buildActionMask = 2147483647;
			files = (
			);
			runOnlyForDeploymentPostprocessing = 0;
		};
		2C060DDF1DD0B7C000EB1AB1 /* Frameworks */ = {
			isa = PBXFrameworksBuildPhase;
			buildActionMask = 2147483647;
			files = (
			);
			runOnlyForDeploymentPostprocessing = 0;
		};
		2C060DEA1DD0B7C000EB1AB1 /* Frameworks */ = {
			isa = PBXFrameworksBuildPhase;
			buildActionMask = 2147483647;
			files = (
			);
			runOnlyForDeploymentPostprocessing = 0;
		};
/* End PBXFrameworksBuildPhase section */

/* Begin PBXGroup section */
		2C060DC51DD0B7BF00EB1AB1 = {
			isa = PBXGroup;
			children = (
				2C060DD01DD0B7C000EB1AB1 /* PitchPerfect */,
				2C060DE51DD0B7C000EB1AB1 /* PitchPerfectTests */,
				2C060DF01DD0B7C000EB1AB1 /* PitchPerfectUITests */,
				2C060DCF1DD0B7C000EB1AB1 /* Products */,
			);
			sourceTree = "<group>";
		};
		2C060DCF1DD0B7C000EB1AB1 /* Products */ = {
			isa = PBXGroup;
			children = (
				2C060DCE1DD0B7C000EB1AB1 /* PitchPerfect.app */,
				2C060DE21DD0B7C000EB1AB1 /* PitchPerfectTests.xctest */,
				2C060DED1DD0B7C000EB1AB1 /* PitchPerfectUITests.xctest */,
			);
			name = Products;
			sourceTree = "<group>";
		};
		2C060DD01DD0B7C000EB1AB1 /* PitchPerfect */ = {
			isa = PBXGroup;
			children = (
				2C060DD11DD0B7C000EB1AB1 /* AppDelegate.swift */,
				2C060DD31DD0B7C000EB1AB1 /* ViewController.swift */,
				2C060DD51DD0B7C000EB1AB1 /* Main.storyboard */,
				2C060DD81DD0B7C000EB1AB1 /* Assets.xcassets */,
				2C060DDA1DD0B7C000EB1AB1 /* LaunchScreen.storyboard */,
				2C060DDD1DD0B7C000EB1AB1 /* Info.plist */,
			);
			path = PitchPerfect;
			sourceTree = "<group>";
		};
		2C060DE51DD0B7C000EB1AB1 /* PitchPerfectTests */ = {
			isa = PBXGroup;
			children = (
				2C060DE61DD0B7C000EB1AB1 /* PitchPerfectTests.swift */,
				2C060DE81DD0B7C000EB1AB1 /* Info.plist */,
			);
			path = PitchPerfectTests;
			sourceTree = "<group>";
		};
		2C060DF01DD0B7C000EB1AB1 /* PitchPerfectUITests */ = {
			isa = PBXGroup;
			children = (
				2C060DF11DD0B7C000EB1AB1 /* PitchPerfectUITests.swift */,
				2C060DF31DD0B7C000EB1AB1 /* Info.plist */,
			);
			path = PitchPerfectUITests;
			sourceTree = "<group>";
		};
/* End PBXGroup section */

/* Begin PBXNativeTarget section */
		2C060DCD1DD0B7BF00EB1AB1 /* PitchPerfect */ = {
			isa = PBXNativeTarget;
			buildConfigurationList = 2C060DF61DD0B7C000EB1AB1 /* Build configuration list for PBXNativeTarget "PitchPerfect" */;
			buildPhases = (
				2C060DCA1DD0B7BF00EB1AB1 /* Sources */,
				2C060DCB1DD0B7BF00EB1AB1 /* Frameworks */,
				2C060DCC1DD0B7BF00EB1AB1 /* Resources */,
			);
			buildRules = (
			);
			dependencies = (
			);
			name = PitchPerfect;
			productName = PitchPerfect;
			productReference = 2C060DCE1DD0B7C000EB1AB1 /* PitchPerfect.app */;
			productType = "com.apple.product-type.application";
		};
		2C060DE11DD0B7C000EB1AB1 /* PitchPerfectTests */ = {
			isa = PBXNativeTarget;
			buildConfigurationList = 2C060DF91DD0B7C000EB1AB1 /* Build configuration list for PBXNativeTarget "PitchPerfectTests" */;
			buildPhases = (
				2C060DDE1DD0B7C000EB1AB1 /* Sources */,
				2C060DDF1DD0B7C000EB1AB1 /* Frameworks */,
				2C060DE01DD0B7C000EB1AB1 /* Resources */,
			);
			buildRules = (
			);
			dependencies = (
				2C060DE41DD0B7C000EB1AB1 /* PBXTargetDependency */,
			);
			name = PitchPerfectTests;
			productName = PitchPerfectTests;
			productReference = 2C060DE21DD0B7C000EB1AB1 /* PitchPerfectTests.xctest */;
			productType = "com.apple.product-type.bundle.unit-test";
		};
		2C060DEC1DD0B7C000EB1AB1 /* PitchPerfectUITests */ = {
			isa = PBXNativeTarget;
			buildConfigurationList = 2C060DFC1DD0B7C000EB1AB1 /* Build configuration list for PBXNativeTarget "PitchPerfectUITests" */;
			buildPhases = (
				2C060DE91DD0B7C000EB1AB1 /* Sources */,
				2C060DEA1DD0B7C000EB1AB1 /* Frameworks */,
				2C060DEB1DD0B7C000EB1AB1 /* Resources */,
			);
			buildRules = (
			);
			dependencies = (
				2C060DEF1DD0B7C000EB1AB1 /* PBXTargetDependency */,
			);
			name = PitchPerfectUITests;
			productName = PitchPerfectUITests;
			productReference = 2C060DED1DD0B7C000EB1AB1 /* PitchPerfectUITests.xctest */;
			productType = "com.apple.product-type.bundle.ui-testing";
		};
/* End PBXNativeTarget section */

/* Begin PBXProject section */
		2C060DC61DD0B7BF00EB1AB1 /* Project object */ = {
			isa = PBXProject;
			attributes = {
				LastSwiftUpdateCheck = 0810;
				LastUpgradeCheck = 0810;
				ORGANIZATIONNAME = DebonairCoder;
				TargetAttributes = {
					2C060DCD1DD0B7BF00EB1AB1 = {
						CreatedOnToolsVersion = 8.1;
						ProvisioningStyle = Automatic;
					};
					2C060DE11DD0B7C000EB1AB1 = {
						CreatedOnToolsVersion = 8.1;
						ProvisioningStyle = Automatic;
						TestTargetID = 2C060DCD1DD0B7BF00EB1AB1;
					};
					2C060DEC1DD0B7C000EB1AB1 = {
						CreatedOnToolsVersion = 8.1;
						ProvisioningStyle = Automatic;
						TestTargetID = 2C060DCD1DD0B7BF00EB1AB1;
					};
				};
			};
			buildConfigurationList = 2C060DC91DD0B7BF00EB1AB1 /* Build configuration list for PBXProject "PitchPerfect" */;
			compatibilityVersion = "Xcode 3.2";
			developmentRegion = English;
			hasScannedForEncodings = 0;
			knownRegions = (
				en,
				Base,
			);
			mainGroup = 2C060DC51DD0B7BF00EB1AB1;
			productRefGroup = 2C060DCF1DD0B7C000EB1AB1 /* Products */;
			projectDirPath = "";
			projectRoot = "";
			targets = (
				2C060DCD1DD0B7BF00EB1AB1 /* PitchPerfect */,
				2C060DE11DD0B7C000EB1AB1 /* PitchPerfectTests */,
				2C060DEC1DD0B7C000EB1AB1 /* PitchPerfectUITests */,
			);
		};
/* End PBXProject section */

/* Begin PBXResourcesBuildPhase section */
		2C060DCC1DD0B7BF00EB1AB1 /* Resources */ = {
			isa = PBXResourcesBuildPhase;
			buildActionMask = 2147483647;
			files = (
				2C060DDC1DD0B7C000EB1AB1 /* LaunchScreen.storyboard in Resources */,
				2C060DD91DD0B7C000EB1AB1 /* Assets.xcassets in Resources */,
				2C060DD71DD0B7C000EB1AB1 /* Main.storyboard in Resources */,
			);
			runOnlyForDeploymentPostprocessing = 0;
		};
		2C060DE01DD0B7C000EB1AB1 /* Resources */ = {
			isa = PBXResourcesBuildPhase;
			buildActionMask = 2147483647;
			files = (
			);
			runOnlyForDeploymentPostprocessing = 0;
		};
		2C060DEB1DD0B7C000EB1AB1 /* Resources */ = {
			isa = PBXResourcesBuildPhase;
			buildActionMask = 2147483647;
			files = (
			);
			runOnlyForDeploymentPostprocessing = 0;
		};
/* End PBXResourcesBuildPhase section */

/* Begin PBXSourcesBuildPhase section */
		2C060DCA1DD0B7BF00EB1AB1 /* Sources */ = {
			isa = PBXSourcesBuildPhase;
			buildActionMask = 2147483647;
			files = (
				2C060DD41DD0B7C000EB1AB1 /* ViewController.swift in Sources */,
				2C060DD21DD0B7C000EB1AB1 /* AppDelegate.swift in Sources */,
			);
			runOnlyForDeploymentPostprocessing = 0;
		};
		2C060DDE1DD0B7C000EB1AB1 /* Sources */ = {
			isa = PBXSourcesBuildPhase;
			buildActionMask = 2147483647;
			files = (
				2C060DE71DD0B7C000EB1AB1 /* PitchPerfectTests.swift in Sources */,
			);
			runOnlyForDeploymentPostprocessing = 0;
		};
		2C060DE91DD0B7C000EB1AB1 /* Sources */ = {
			isa = PBXSourcesBuildPhase;
			buildActionMask = 2147483647;
			files = (
				2C060DF21DD0B7C000EB1AB1 /* PitchPerfectUITests.swift in Sources */,
			);
			runOnlyForDeploymentPostprocessing = 0;
		};
/* End PBXSourcesBuildPhase section */

/* Begin PBXTargetDependency section */
		2C060DE41DD0B7C000EB1AB1 /* PBXTargetDependency */ = {
			isa = PBXTargetDependency;
			target = 2C060DCD1DD0B7BF00EB1AB1 /* PitchPerfect */;
			targetProxy = 2C060DE31DD0B7C000EB1AB1 /* PBXContainerItemProxy */;
		};
		2C060DEF1DD0B7C000EB1AB1 /* PBXTargetDependency */ = {
			isa = PBXTargetDependency;
			target = 2C060DCD1DD0B7BF00EB1AB1 /* PitchPerfect */;
			targetProxy = 2C060DEE1DD0B7C000EB1AB1 /* PBXContainerItemProxy */;
		};
/* End PBXTargetDependency section */

/* Begin PBXVariantGroup section */
		2C060DD51DD0B7C000EB1AB1 /* Main.storyboard */ = {
			isa = PBXVariantGroup;
			children = (
				2C060DD61DD0B7C000EB1AB1 /* Base */,
			);
			name = Main.storyboard;
			sourceTree = "<group>";
		};
		2C060DDA1DD0B7C000EB1AB1 /* LaunchScreen.storyboard */ = {
			isa = PBXVariantGroup;
			children = (
				2C060DDB1DD0B7C000EB1AB1 /* Base */,
			);
			name = LaunchScreen.storyboard;
			sourceTree = "<group>";
		};
/* End PBXVariantGroup section */

/* Begin XCBuildConfiguration section */
		2C060DF41DD0B7C000EB1AB1 /* Debug */ = {
			isa = XCBuildConfiguration;
			buildSettings = {
				ALWAYS_SEARCH_USER_PATHS = NO;
				CLANG_ANALYZER_NONNULL = YES;
				CLANG_CXX_LANGUAGE_STANDARD = "gnu++0x";
				CLANG_CXX_LIBRARY = "libc++";
				CLANG_ENABLE_MODULES = YES;
				CLANG_ENABLE_OBJC_ARC = YES;
				CLANG_WARN_BOOL_CONVERSION = YES;
				CLANG_WARN_CONSTANT_CONVERSION = YES;
				CLANG_WARN_DIRECT_OBJC_ISA_USAGE = YES_ERROR;
				CLANG_WARN_DOCUMENTATION_COMMENTS = YES;
				CLANG_WARN_EMPTY_BODY = YES;
				CLANG_WARN_ENUM_CONVERSION = YES;
				CLANG_WARN_INFINITE_RECURSION = YES;
				CLANG_WARN_INT_CONVERSION = YES;
				CLANG_WARN_OBJC_ROOT_CLASS = YES_ERROR;
				CLANG_WARN_SUSPICIOUS_MOVES = YES;
				CLANG_WARN_UNREACHABLE_CODE = YES;
				CLANG_WARN__DUPLICATE_METHOD_MATCH = YES;
				"CODE_SIGN_IDENTITY[sdk=iphoneos*]" = "iPhone Developer";
				COPY_PHASE_STRIP = NO;
				DEBUG_INFORMATION_FORMAT = dwarf;
				ENABLE_STRICT_OBJC_MSGSEND = YES;
				ENABLE_TESTABILITY = YES;
				GCC_C_LANGUAGE_STANDARD = gnu99;
				GCC_DYNAMIC_NO_PIC = NO;
				GCC_NO_COMMON_BLOCKS = YES;
				GCC_OPTIMIZATION_LEVEL = 0;
				GCC_PREPROCESSOR_DEFINITIONS = (
					"DEBUG=1",
					"$(inherited)",
				);
				GCC_WARN_64_TO_32_BIT_CONVERSION = YES;
				GCC_WARN_ABOUT_RETURN_TYPE = YES_ERROR;
				GCC_WARN_UNDECLARED_SELECTOR = YES;
				GCC_WARN_UNINITIALIZED_AUTOS = YES_AGGRESSIVE;
				GCC_WARN_UNUSED_FUNCTION = YES;
				GCC_WARN_UNUSED_VARIABLE = YES;
				IPHONEOS_DEPLOYMENT_TARGET = 10.1;
				MTL_ENABLE_DEBUG_INFO = YES;
				ONLY_ACTIVE_ARCH = YES;
				SDKROOT = iphoneos;
				SWIFT_ACTIVE_COMPILATION_CONDITIONS = DEBUG;
				SWIFT_OPTIMIZATION_LEVEL = "-Onone";
				TARGETED_DEVICE_FAMILY = "1,2";
			};
			name = Debug;
		};
		2C060DF51DD0B7C000EB1AB1 /* Release */ = {
			isa = XCBuildConfiguration;
			buildSettings = {
				ALWAYS_SEARCH_USER_PATHS = NO;
				CLANG_ANALYZER_NONNULL = YES;
				CLANG_CXX_LANGUAGE_STANDARD = "gnu++0x";
				CLANG_CXX_LIBRARY = "libc++";
				CLANG_ENABLE_MODULES = YES;
				CLANG_ENABLE_OBJC_ARC = YES;
				CLANG_WARN_BOOL_CONVERSION = YES;
				CLANG_WARN_CONSTANT_CONVERSION = YES;
				CLANG_WARN_DIRECT_OBJC_ISA_USAGE = YES_ERROR;
				CLANG_WARN_DOCUMENTATION_COMMENTS = YES;
				CLANG_WARN_EMPTY_BODY = YES;
				CLANG_WARN_ENUM_CONVERSION = YES;
				CLANG_WARN_INFINITE_RECURSION = YES;
				CLANG_WARN_INT_CONVERSION = YES;
				CLANG_WARN_OBJC_ROOT_CLASS = YES_ERROR;
				CLANG_WARN_SUSPICIOUS_MOVES = YES;
				CLANG_WARN_UNREACHABLE_CODE = YES;
				CLANG_WARN__DUPLICATE_METHOD_MATCH = YES;
				"CODE_SIGN_IDENTITY[sdk=iphoneos*]" = "iPhone Developer";
				COPY_PHASE_STRIP = NO;
				DEBUG_INFORMATION_FORMAT = "dwarf-with-dsym";
				ENABLE_NS_ASSERTIONS = NO;
				ENABLE_STRICT_OBJC_MSGSEND = YES;
				GCC_C_LANGUAGE_STANDARD = gnu99;
				GCC_NO_COMMON_BLOCKS = YES;
				GCC_WARN_64_TO_32_BIT_CONVERSION = YES;
				GCC_WARN_ABOUT_RETURN_TYPE = YES_ERROR;
				GCC_WARN_UNDECLARED_SELECTOR = YES;
				GCC_WARN_UNINITIALIZED_AUTOS = YES_AGGRESSIVE;
				GCC_WARN_UNUSED_FUNCTION = YES;
				GCC_WARN_UNUSED_VARIABLE = YES;
				IPHONEOS_DEPLOYMENT_TARGET = 10.1;
				MTL_ENABLE_DEBUG_INFO = NO;
				SDKROOT = iphoneos;
				SWIFT_OPTIMIZATION_LEVEL = "-Owholemodule";
				TARGETED_DEVICE_FAMILY = "1,2";
				VALIDATE_PRODUCT = YES;
			};
			name = Release;
		};
		2C060DF71DD0B7C000EB1AB1 /* Debug */ = {
			isa = XCBuildConfiguration;
			buildSettings = {
				ASSETCATALOG_COMPILER_APPICON_NAME = AppIcon;
				INFOPLIST_FILE = PitchPerfect/Info.plist;
				LD_RUNPATH_SEARCH_PATHS = "$(inherited) @executable_path/Frameworks";
				PRODUCT_BUNDLE_IDENTIFIER = com.jingahero.PitchPerfect;
				PRODUCT_NAME = "$(TARGET_NAME)";
				SWIFT_VERSION = 3.0;
			};
			name = Debug;
		};
		2C060DF81DD0B7C000EB1AB1 /* Release */ = {
			isa = XCBuildConfiguration;
			buildSettings = {
				ASSETCATALOG_COMPILER_APPICON_NAME = AppIcon;
				INFOPLIST_FILE = PitchPerfect/Info.plist;
				LD_RUNPATH_SEARCH_PATHS = "$(inherited) @executable_path/Frameworks";
				PRODUCT_BUNDLE_IDENTIFIER = com.jingahero.PitchPerfect;
				PRODUCT_NAME = "$(TARGET_NAME)";
				SWIFT_VERSION = 3.0;
			};
			name = Release;
		};
		2C060DFA1DD0B7C000EB1AB1 /* Debug */ = {
			isa = XCBuildConfiguration;
			buildSettings = {
				ALWAYS_EMBED_SWIFT_STANDARD_LIBRARIES = YES;
				BUNDLE_LOADER = "$(TEST_HOST)";
				INFOPLIST_FILE = PitchPerfectTests/Info.plist;
				LD_RUNPATH_SEARCH_PATHS = "$(inherited) @executable_path/Frameworks @loader_path/Frameworks";
				PRODUCT_BUNDLE_IDENTIFIER = com.jingahero.PitchPerfectTests;
				PRODUCT_NAME = "$(TARGET_NAME)";
				SWIFT_VERSION = 3.0;
				TEST_HOST = "$(BUILT_PRODUCTS_DIR)/PitchPerfect.app/PitchPerfect";
			};
			name = Debug;
		};
		2C060DFB1DD0B7C000EB1AB1 /* Release */ = {
			isa = XCBuildConfiguration;
			buildSettings = {
				ALWAYS_EMBED_SWIFT_STANDARD_LIBRARIES = YES;
				BUNDLE_LOADER = "$(TEST_HOST)";
				INFOPLIST_FILE = PitchPerfectTests/Info.plist;
				LD_RUNPATH_SEARCH_PATHS = "$(inherited) @executable_path/Frameworks @loader_path/Frameworks";
				PRODUCT_BUNDLE_IDENTIFIER = com.jingahero.PitchPerfectTests;
				PRODUCT_NAME = "$(TARGET_NAME)";
				SWIFT_VERSION = 3.0;
				TEST_HOST = "$(BUILT_PRODUCTS_DIR)/PitchPerfect.app/PitchPerfect";
			};
			name = Release;
		};
		2C060DFD1DD0B7C000EB1AB1 /* Debug */ = {
			isa = XCBuildConfiguration;
			buildSettings = {
				ALWAYS_EMBED_SWIFT_STANDARD_LIBRARIES = YES;
				INFOPLIST_FILE = PitchPerfectUITests/Info.plist;
				LD_RUNPATH_SEARCH_PATHS = "$(inherited) @executable_path/Frameworks @loader_path/Frameworks";
				PRODUCT_BUNDLE_IDENTIFIER = com.jingahero.PitchPerfectUITests;
				PRODUCT_NAME = "$(TARGET_NAME)";
				SWIFT_VERSION = 3.0;
				TEST_TARGET_NAME = PitchPerfect;
			};
			name = Debug;
		};
		2C060DFE1DD0B7C000EB1AB1 /* Release */ = {
			isa = XCBuildConfiguration;
			buildSettings = {
				ALWAYS_EMBED_SWIFT_STANDARD_LIBRARIES = YES;
				INFOPLIST_FILE = PitchPerfectUITests/Info.plist;
				LD_RUNPATH_SEARCH_PATHS = "$(inherited) @executable_path/Frameworks @loader_path/Frameworks";
				PRODUCT_BUNDLE_IDENTIFIER = com.jingahero.PitchPerfectUITests;
				PRODUCT_NAME = "$(TARGET_NAME)";
				SWIFT_VERSION = 3.0;
				TEST_TARGET_NAME = PitchPerfect;
			};
			name = Release;
		};
/* End XCBuildConfiguration section */

/* Begin XCConfigurationList section */
		2C060DC91DD0B7BF00EB1AB1 /* Build configuration list for PBXProject "PitchPerfect" */ = {
			isa = XCConfigurationList;
			buildConfigurations = (
				2C060DF41DD0B7C000EB1AB1 /* Debug */,
				2C060DF51DD0B7C000EB1AB1 /* Release */,
			);
			defaultConfigurationIsVisible = 0;
			defaultConfigurationName = Release;
		};
		2C060DF61DD0B7C000EB1AB1 /* Build configuration list for PBXNativeTarget "PitchPerfect" */ = {
			isa = XCConfigurationList;
			buildConfigurations = (
				2C060DF71DD0B7C000EB1AB1 /* Debug */,
				2C060DF81DD0B7C000EB1AB1 /* Release */,
			);
			defaultConfigurationIsVisible = 0;
		};
		2C060DF91DD0B7C000EB1AB1 /* Build configuration list for PBXNativeTarget "PitchPerfectTests" */ = {
			isa = XCConfigurationList;
			buildConfigurations = (
				2C060DFA1DD0B7C000EB1AB1 /* Debug */,
				2C060DFB1DD0B7C000EB1AB1 /* Release */,
			);
			defaultConfigurationIsVisible = 0;
		};
		2C060DFC1DD0B7C000EB1AB1 /* Build configuration list for PBXNativeTarget "PitchPerfectUITests" */ = {
			isa = XCConfigurationList;
			buildConfigurations = (
				2C060DFD1DD0B7C000EB1AB1 /* Debug */,
				2C060DFE1DD0B7C000EB1AB1 /* Release */,
			);
			defaultConfigurationIsVisible = 0;
		};
/* End XCConfigurationList section */
	};
	rootObject = 2C060DC61DD0B7BF00EB1AB1 /* Project object */;
}
